// !$*UTF8*$!
{
	archiveVersion = 1;
	classes = {
	};
	objectVersion = 55;
	objects = {

/* Begin PBXBuildFile section */
		7418039327235F670046F06C /* Board.swift in Sources */ = {isa = PBXBuildFile; fileRef = 7418039227235F670046F06C /* Board.swift */; };
		742152A72714DB2500802062 /* ShapeFiller.swift in Sources */ = {isa = PBXBuildFile; fileRef = 742152A62714DB2500802062 /* ShapeFiller.swift */; };
		742152A92714DB7600802062 /* PixelDrawer.swift in Sources */ = {isa = PBXBuildFile; fileRef = 742152A82714DB7600802062 /* PixelDrawer.swift */; };
		742152AB2714E51600802062 /* Stack.swift in Sources */ = {isa = PBXBuildFile; fileRef = 742152AA2714E51600802062 /* Stack.swift */; };
		742F0D22270A4E0D002B3F8D /* SplitViewController.swift in Sources */ = {isa = PBXBuildFile; fileRef = 742F0D21270A4E0D002B3F8D /* SplitViewController.swift */; };
		742F0D24270A4E7B002B3F8D /* PrimitivesDrawingViewController.swift in Sources */ = {isa = PBXBuildFile; fileRef = 742F0D23270A4E7B002B3F8D /* PrimitivesDrawingViewController.swift */; };
		74302BCA2724287B004F24F0 /* PolygonDrawer.swift in Sources */ = {isa = PBXBuildFile; fileRef = 74302BC92724287B004F24F0 /* PolygonDrawer.swift */; };
		7432B706274ED6C00062C794 /* BSplineCurve.swift in Sources */ = {isa = PBXBuildFile; fileRef = 7432B705274ED6C00062C794 /* BSplineCurve.swift */; };
		7432D857274E4FF500D6D4CC /* CurveDrawer.swift in Sources */ = {isa = PBXBuildFile; fileRef = 7432D856274E4FF500D6D4CC /* CurveDrawer.swift */; };
		7432D859274E508100D6D4CC /* BezierCurve.swift in Sources */ = {isa = PBXBuildFile; fileRef = 7432D858274E508100D6D4CC /* BezierCurve.swift */; };
		7432D85C274E7F1200D6D4CC /* CurveOptionItemView.swift in Sources */ = {isa = PBXBuildFile; fileRef = 7432D85B274E7F1200D6D4CC /* CurveOptionItemView.swift */; };
		7432D85E274E80A900D6D4CC /* CurveOptionsView.swift in Sources */ = {isa = PBXBuildFile; fileRef = 7432D85D274E80A900D6D4CC /* CurveOptionsView.swift */; };
		7436ED7A275CD13C0079D036 /* Cube.swift in Sources */ = {isa = PBXBuildFile; fileRef = 7436ED79275CD13C0079D036 /* Cube.swift */; };
		7441C7EE27430DC9004CD180 /* ClippingViewController.swift in Sources */ = {isa = PBXBuildFile; fileRef = 7441C7ED27430DC9004CD180 /* ClippingViewController.swift */; };
		7454FB0D274D6D6600F17547 /* SelectDrawingViewController.swift in Sources */ = {isa = PBXBuildFile; fileRef = 7454FB0C274D6D6600F17547 /* SelectDrawingViewController.swift */; };
		7454FB0F274D6DEA00F17547 /* CurvesDrawingViewController.swift in Sources */ = {isa = PBXBuildFile; fileRef = 7454FB0E274D6DEA00F17547 /* CurvesDrawingViewController.swift */; };
		7458D064272710EA0055011C /* PolygonFiller.swift in Sources */ = {isa = PBXBuildFile; fileRef = 7458D063272710EA0055011C /* PolygonFiller.swift */; };
		7464762827253EC70079BAE2 /* Polygon.swift in Sources */ = {isa = PBXBuildFile; fileRef = 7464762727253EC70079BAE2 /* Polygon.swift */; };
		7474ED1A2709C7BE004E8B95 /* AppDelegate.swift in Sources */ = {isa = PBXBuildFile; fileRef = 7474ED192709C7BE004E8B95 /* AppDelegate.swift */; };
		7474ED1C2709C7BE004E8B95 /* SceneDelegate.swift in Sources */ = {isa = PBXBuildFile; fileRef = 7474ED1B2709C7BE004E8B95 /* SceneDelegate.swift */; };
		7474ED1E2709C7BE004E8B95 /* DrawSettingsViewController.swift in Sources */ = {isa = PBXBuildFile; fileRef = 7474ED1D2709C7BE004E8B95 /* DrawSettingsViewController.swift */; };
		7474ED232709C7C0004E8B95 /* Assets.xcassets in Resources */ = {isa = PBXBuildFile; fileRef = 7474ED222709C7C0004E8B95 /* Assets.xcassets */; };
		7474ED262709C7C0004E8B95 /* LaunchScreen.storyboard in Resources */ = {isa = PBXBuildFile; fileRef = 7474ED242709C7C0004E8B95 /* LaunchScreen.storyboard */; };
		7474ED302709C88E004E8B95 /* UIView+Layout.swift in Sources */ = {isa = PBXBuildFile; fileRef = 7474ED2F2709C88E004E8B95 /* UIView+Layout.swift */; };
		74810009270B9C3F00BAB024 /* ShapeDrawer.swift in Sources */ = {isa = PBXBuildFile; fileRef = 74810008270B9C3F00BAB024 /* ShapeDrawer.swift */; };
		7481000B270B9C7700BAB024 /* LineDrawer.swift in Sources */ = {isa = PBXBuildFile; fileRef = 7481000A270B9C7700BAB024 /* LineDrawer.swift */; };
		7481000D270B9DA100BAB024 /* CircleDrawer.swift in Sources */ = {isa = PBXBuildFile; fileRef = 7481000C270B9DA100BAB024 /* CircleDrawer.swift */; };
		7481000F270B9DD900BAB024 /* EllipseDrawer.swift in Sources */ = {isa = PBXBuildFile; fileRef = 7481000E270B9DD900BAB024 /* EllipseDrawer.swift */; };
		74810011270B9EB700BAB024 /* SectionDataSource.swift in Sources */ = {isa = PBXBuildFile; fileRef = 74810010270B9EB700BAB024 /* SectionDataSource.swift */; };
		74810013270B9ECE00BAB024 /* DrawingType.swift in Sources */ = {isa = PBXBuildFile; fileRef = 74810012270B9ECE00BAB024 /* DrawingType.swift */; };
		74810015270BAF9A00BAB024 /* AboutDeveloperView.swift in Sources */ = {isa = PBXBuildFile; fileRef = 74810014270BAF9A00BAB024 /* AboutDeveloperView.swift */; };
		749650252760ABFC0061F01C /* Object3D.swift in Sources */ = {isa = PBXBuildFile; fileRef = 749650242760ABFC0061F01C /* Object3D.swift */; };
		749650272760AC0F0061F01C /* Point3D.swift in Sources */ = {isa = PBXBuildFile; fileRef = 749650262760AC0F0061F01C /* Point3D.swift */; };
		749650292760AC320061F01C /* CGPoint+Translated.swift in Sources */ = {isa = PBXBuildFile; fileRef = 749650282760AC320061F01C /* CGPoint+Translated.swift */; };
		7496502B2760B6BD0061F01C /* Pyramid.swift in Sources */ = {isa = PBXBuildFile; fileRef = 7496502A2760B6BD0061F01C /* Pyramid.swift */; };
		7496502D2760E1BF0061F01C /* Diamond.swift in Sources */ = {isa = PBXBuildFile; fileRef = 7496502C2760E1BE0061F01C /* Diamond.swift */; };
		749650302760E84A0061F01C /* DecelerationTimingParameters.swift in Sources */ = {isa = PBXBuildFile; fileRef = 7496502F2760E84A0061F01C /* DecelerationTimingParameters.swift */; };
		749650322760E8650061F01C /* TimerAnimation.swift in Sources */ = {isa = PBXBuildFile; fileRef = 749650312760E8650061F01C /* TimerAnimation.swift */; };
		74AC8A94274F0DAE0084A48D /* CasteljauBezierCurve.swift in Sources */ = {isa = PBXBuildFile; fileRef = 74AC8A93274F0DAE0084A48D /* CasteljauBezierCurve.swift */; };
		74C89232275FE4BB0045798E /* Object3DOptionItemView.swift in Sources */ = {isa = PBXBuildFile; fileRef = 74C89231275FE4BB0045798E /* Object3DOptionItemView.swift */; };
		74C89234275FE4D90045798E /* Object3DOptionsView.swift in Sources */ = {isa = PBXBuildFile; fileRef = 74C89233275FE4D90045798E /* Object3DOptionsView.swift */; };
		74CD02B1273B1A67007F0CFA /* UIColor+IsEqual.swift in Sources */ = {isa = PBXBuildFile; fileRef = 74CD02B0273B1A67007F0CFA /* UIColor+IsEqual.swift */; };
		74D240A7275A66C600123A52 /* Objects3DDrawingViewController.swift in Sources */ = {isa = PBXBuildFile; fileRef = 74D240A6275A66C600123A52 /* Objects3DDrawingViewController.swift */; };
		74D54B342743C04A008D5DC2 /* DrawingViewController.swift in Sources */ = {isa = PBXBuildFile; fileRef = 74D54B332743C04A008D5DC2 /* DrawingViewController.swift */; };
		74F886E12743D1E600C6CF55 /* Line.swift in Sources */ = {isa = PBXBuildFile; fileRef = 74F886E02743D1E600C6CF55 /* Line.swift */; };
		74F886E32743D27A00C6CF55 /* Rectangle.swift in Sources */ = {isa = PBXBuildFile; fileRef = 74F886E22743D27A00C6CF55 /* Rectangle.swift */; };
/* End PBXBuildFile section */

/* Begin PBXFileReference section */
		7418039227235F670046F06C /* Board.swift */ = {isa = PBXFileReference; lastKnownFileType = sourcecode.swift; path = Board.swift; sourceTree = "<group>"; };
		742152A62714DB2500802062 /* ShapeFiller.swift */ = {isa = PBXFileReference; lastKnownFileType = sourcecode.swift; path = ShapeFiller.swift; sourceTree = "<group>"; };
		742152A82714DB7600802062 /* PixelDrawer.swift */ = {isa = PBXFileReference; lastKnownFileType = sourcecode.swift; path = PixelDrawer.swift; sourceTree = "<group>"; };
		742152AA2714E51600802062 /* Stack.swift */ = {isa = PBXFileReference; lastKnownFileType = sourcecode.swift; path = Stack.swift; sourceTree = "<group>"; };
		742F0D21270A4E0D002B3F8D /* SplitViewController.swift */ = {isa = PBXFileReference; lastKnownFileType = sourcecode.swift; path = SplitViewController.swift; sourceTree = "<group>"; };
		742F0D23270A4E7B002B3F8D /* PrimitivesDrawingViewController.swift */ = {isa = PBXFileReference; lastKnownFileType = sourcecode.swift; path = PrimitivesDrawingViewController.swift; sourceTree = "<group>"; };
		74302BC92724287B004F24F0 /* PolygonDrawer.swift */ = {isa = PBXFileReference; lastKnownFileType = sourcecode.swift; path = PolygonDrawer.swift; sourceTree = "<group>"; };
		7432B705274ED6C00062C794 /* BSplineCurve.swift */ = {isa = PBXFileReference; lastKnownFileType = sourcecode.swift; path = BSplineCurve.swift; sourceTree = "<group>"; };
		7432D856274E4FF500D6D4CC /* CurveDrawer.swift */ = {isa = PBXFileReference; lastKnownFileType = sourcecode.swift; path = CurveDrawer.swift; sourceTree = "<group>"; };
		7432D858274E508100D6D4CC /* BezierCurve.swift */ = {isa = PBXFileReference; lastKnownFileType = sourcecode.swift; path = BezierCurve.swift; sourceTree = "<group>"; };
		7432D85B274E7F1200D6D4CC /* CurveOptionItemView.swift */ = {isa = PBXFileReference; lastKnownFileType = sourcecode.swift; path = CurveOptionItemView.swift; sourceTree = "<group>"; };
		7432D85D274E80A900D6D4CC /* CurveOptionsView.swift */ = {isa = PBXFileReference; lastKnownFileType = sourcecode.swift; path = CurveOptionsView.swift; sourceTree = "<group>"; };
		7436ED79275CD13C0079D036 /* Cube.swift */ = {isa = PBXFileReference; lastKnownFileType = sourcecode.swift; path = Cube.swift; sourceTree = "<group>"; };
		7441C7ED27430DC9004CD180 /* ClippingViewController.swift */ = {isa = PBXFileReference; lastKnownFileType = sourcecode.swift; path = ClippingViewController.swift; sourceTree = "<group>"; };
		7454FB0C274D6D6600F17547 /* SelectDrawingViewController.swift */ = {isa = PBXFileReference; lastKnownFileType = sourcecode.swift; path = SelectDrawingViewController.swift; sourceTree = "<group>"; };
		7454FB0E274D6DEA00F17547 /* CurvesDrawingViewController.swift */ = {isa = PBXFileReference; lastKnownFileType = sourcecode.swift; path = CurvesDrawingViewController.swift; sourceTree = "<group>"; };
		7458D063272710EA0055011C /* PolygonFiller.swift */ = {isa = PBXFileReference; lastKnownFileType = sourcecode.swift; path = PolygonFiller.swift; sourceTree = "<group>"; };
		7464762727253EC70079BAE2 /* Polygon.swift */ = {isa = PBXFileReference; lastKnownFileType = sourcecode.swift; path = Polygon.swift; sourceTree = "<group>"; };
		7474ED162709C7BE004E8B95 /* Drawer.app */ = {isa = PBXFileReference; explicitFileType = wrapper.application; includeInIndex = 0; path = Drawer.app; sourceTree = BUILT_PRODUCTS_DIR; };
		7474ED192709C7BE004E8B95 /* AppDelegate.swift */ = {isa = PBXFileReference; lastKnownFileType = sourcecode.swift; path = AppDelegate.swift; sourceTree = "<group>"; };
		7474ED1B2709C7BE004E8B95 /* SceneDelegate.swift */ = {isa = PBXFileReference; lastKnownFileType = sourcecode.swift; path = SceneDelegate.swift; sourceTree = "<group>"; };
		7474ED1D2709C7BE004E8B95 /* DrawSettingsViewController.swift */ = {isa = PBXFileReference; lastKnownFileType = sourcecode.swift; path = DrawSettingsViewController.swift; sourceTree = "<group>"; };
		7474ED222709C7C0004E8B95 /* Assets.xcassets */ = {isa = PBXFileReference; lastKnownFileType = folder.assetcatalog; path = Assets.xcassets; sourceTree = "<group>"; };
		7474ED252709C7C0004E8B95 /* Base */ = {isa = PBXFileReference; lastKnownFileType = file.storyboard; name = Base; path = Base.lproj/LaunchScreen.storyboard; sourceTree = "<group>"; };
		7474ED272709C7C0004E8B95 /* Info.plist */ = {isa = PBXFileReference; lastKnownFileType = text.plist.xml; path = Info.plist; sourceTree = "<group>"; };
		7474ED2D2709C7D7004E8B95 /* Drawer.entitlements */ = {isa = PBXFileReference; lastKnownFileType = text.plist.entitlements; path = Drawer.entitlements; sourceTree = "<group>"; };
		7474ED2F2709C88E004E8B95 /* UIView+Layout.swift */ = {isa = PBXFileReference; fileEncoding = 4; lastKnownFileType = sourcecode.swift; path = "UIView+Layout.swift"; sourceTree = "<group>"; };
		74810008270B9C3F00BAB024 /* ShapeDrawer.swift */ = {isa = PBXFileReference; lastKnownFileType = sourcecode.swift; path = ShapeDrawer.swift; sourceTree = "<group>"; };
		7481000A270B9C7700BAB024 /* LineDrawer.swift */ = {isa = PBXFileReference; lastKnownFileType = sourcecode.swift; path = LineDrawer.swift; sourceTree = "<group>"; };
		7481000C270B9DA100BAB024 /* CircleDrawer.swift */ = {isa = PBXFileReference; lastKnownFileType = sourcecode.swift; path = CircleDrawer.swift; sourceTree = "<group>"; };
		7481000E270B9DD900BAB024 /* EllipseDrawer.swift */ = {isa = PBXFileReference; lastKnownFileType = sourcecode.swift; path = EllipseDrawer.swift; sourceTree = "<group>"; };
		74810010270B9EB700BAB024 /* SectionDataSource.swift */ = {isa = PBXFileReference; lastKnownFileType = sourcecode.swift; path = SectionDataSource.swift; sourceTree = "<group>"; };
		74810012270B9ECE00BAB024 /* DrawingType.swift */ = {isa = PBXFileReference; lastKnownFileType = sourcecode.swift; path = DrawingType.swift; sourceTree = "<group>"; };
		74810014270BAF9A00BAB024 /* AboutDeveloperView.swift */ = {isa = PBXFileReference; lastKnownFileType = sourcecode.swift; path = AboutDeveloperView.swift; sourceTree = "<group>"; };
		749650242760ABFC0061F01C /* Object3D.swift */ = {isa = PBXFileReference; lastKnownFileType = sourcecode.swift; path = Object3D.swift; sourceTree = "<group>"; };
		749650262760AC0F0061F01C /* Point3D.swift */ = {isa = PBXFileReference; lastKnownFileType = sourcecode.swift; path = Point3D.swift; sourceTree = "<group>"; };
		749650282760AC320061F01C /* CGPoint+Translated.swift */ = {isa = PBXFileReference; lastKnownFileType = sourcecode.swift; path = "CGPoint+Translated.swift"; sourceTree = "<group>"; };
		7496502A2760B6BD0061F01C /* Pyramid.swift */ = {isa = PBXFileReference; lastKnownFileType = sourcecode.swift; path = Pyramid.swift; sourceTree = "<group>"; };
		7496502C2760E1BE0061F01C /* Diamond.swift */ = {isa = PBXFileReference; lastKnownFileType = sourcecode.swift; path = Diamond.swift; sourceTree = "<group>"; };
		7496502F2760E84A0061F01C /* DecelerationTimingParameters.swift */ = {isa = PBXFileReference; lastKnownFileType = sourcecode.swift; path = DecelerationTimingParameters.swift; sourceTree = "<group>"; };
		749650312760E8650061F01C /* TimerAnimation.swift */ = {isa = PBXFileReference; lastKnownFileType = sourcecode.swift; path = TimerAnimation.swift; sourceTree = "<group>"; };
		74AC8A93274F0DAE0084A48D /* CasteljauBezierCurve.swift */ = {isa = PBXFileReference; lastKnownFileType = sourcecode.swift; path = CasteljauBezierCurve.swift; sourceTree = "<group>"; };
		74C89231275FE4BB0045798E /* Object3DOptionItemView.swift */ = {isa = PBXFileReference; lastKnownFileType = sourcecode.swift; path = Object3DOptionItemView.swift; sourceTree = "<group>"; };
		74C89233275FE4D90045798E /* Object3DOptionsView.swift */ = {isa = PBXFileReference; lastKnownFileType = sourcecode.swift; path = Object3DOptionsView.swift; sourceTree = "<group>"; };
		74CD02B0273B1A67007F0CFA /* UIColor+IsEqual.swift */ = {isa = PBXFileReference; lastKnownFileType = sourcecode.swift; path = "UIColor+IsEqual.swift"; sourceTree = "<group>"; };
		74D240A6275A66C600123A52 /* Objects3DDrawingViewController.swift */ = {isa = PBXFileReference; lastKnownFileType = sourcecode.swift; path = Objects3DDrawingViewController.swift; sourceTree = "<group>"; };
		74D54B332743C04A008D5DC2 /* DrawingViewController.swift */ = {isa = PBXFileReference; lastKnownFileType = sourcecode.swift; path = DrawingViewController.swift; sourceTree = "<group>"; };
		74F886E02743D1E600C6CF55 /* Line.swift */ = {isa = PBXFileReference; lastKnownFileType = sourcecode.swift; path = Line.swift; sourceTree = "<group>"; };
		74F886E22743D27A00C6CF55 /* Rectangle.swift */ = {isa = PBXFileReference; lastKnownFileType = sourcecode.swift; path = Rectangle.swift; sourceTree = "<group>"; };
/* End PBXFileReference section */

/* Begin PBXFrameworksBuildPhase section */
		7474ED132709C7BE004E8B95 /* Frameworks */ = {
			isa = PBXFrameworksBuildPhase;
			buildActionMask = 2147483647;
			files = (
			);
			runOnlyForDeploymentPostprocessing = 0;
		};
/* End PBXFrameworksBuildPhase section */

/* Begin PBXGroup section */
		742F0D1E270A4878002B3F8D /* Models */ = {
			isa = PBXGroup;
			children = (
				74810010270B9EB700BAB024 /* SectionDataSource.swift */,
				74810012270B9ECE00BAB024 /* DrawingType.swift */,
				7464762727253EC70079BAE2 /* Polygon.swift */,
				74F886E02743D1E600C6CF55 /* Line.swift */,
				74F886E22743D27A00C6CF55 /* Rectangle.swift */,
			);
			path = Models;
			sourceTree = "<group>";
		};
		7432D855274E4FE000D6D4CC /* Curves */ = {
			isa = PBXGroup;
			children = (
				7432D856274E4FF500D6D4CC /* CurveDrawer.swift */,
				7432D858274E508100D6D4CC /* BezierCurve.swift */,
				7432B705274ED6C00062C794 /* BSplineCurve.swift */,
				74AC8A93274F0DAE0084A48D /* CasteljauBezierCurve.swift */,
			);
			path = Curves;
			sourceTree = "<group>";
		};
		7432D85A274E7EC300D6D4CC /* Views */ = {
			isa = PBXGroup;
			children = (
				7432D85D274E80A900D6D4CC /* CurveOptionsView.swift */,
				7432D85B274E7F1200D6D4CC /* CurveOptionItemView.swift */,
			);
			path = Views;
			sourceTree = "<group>";
		};
		7436ED77275CD0EA0079D036 /* Drawers */ = {
			isa = PBXGroup;
			children = (
				74810007270B9C2900BAB024 /* 2DDrawers */,
				7458D062272710DA0055011C /* Fillers */,
				7432D855274E4FE000D6D4CC /* Curves */,
				7436ED78275CD1020079D036 /* 3DDrawers */,
			);
			path = Drawers;
			sourceTree = "<group>";
		};
		7436ED78275CD1020079D036 /* 3DDrawers */ = {
			isa = PBXGroup;
			children = (
				749650242760ABFC0061F01C /* Object3D.swift */,
				7436ED79275CD13C0079D036 /* Cube.swift */,
				7496502A2760B6BD0061F01C /* Pyramid.swift */,
				7496502C2760E1BE0061F01C /* Diamond.swift */,
			);
			path = 3DDrawers;
			sourceTree = "<group>";
		};
		7454FB10274D6E0300F17547 /* Primitives */ = {
			isa = PBXGroup;
			children = (
				742F0D23270A4E7B002B3F8D /* PrimitivesDrawingViewController.swift */,
				7441C7ED27430DC9004CD180 /* ClippingViewController.swift */,
			);
			path = Primitives;
			sourceTree = "<group>";
		};
		7454FB11274D6E0D00F17547 /* Curves */ = {
			isa = PBXGroup;
			children = (
				7454FB0E274D6DEA00F17547 /* CurvesDrawingViewController.swift */,
				7432D85A274E7EC300D6D4CC /* Views */,
			);
			path = Curves;
			sourceTree = "<group>";
		};
		7454FB18274D6E4600F17547 /* Settings */ = {
			isa = PBXGroup;
			children = (
				7474ED1D2709C7BE004E8B95 /* DrawSettingsViewController.swift */,
			);
			path = Settings;
			sourceTree = "<group>";
		};
		7458D062272710DA0055011C /* Fillers */ = {
			isa = PBXGroup;
			children = (
				742152A62714DB2500802062 /* ShapeFiller.swift */,
				7458D063272710EA0055011C /* PolygonFiller.swift */,
			);
			path = Fillers;
			sourceTree = "<group>";
		};
		7474ED0D2709C7BE004E8B95 = {
			isa = PBXGroup;
			children = (
				7474ED182709C7BE004E8B95 /* Drawer */,
				7474ED172709C7BE004E8B95 /* Products */,
			);
			sourceTree = "<group>";
		};
		7474ED172709C7BE004E8B95 /* Products */ = {
			isa = PBXGroup;
			children = (
				7474ED162709C7BE004E8B95 /* Drawer.app */,
			);
			name = Products;
			sourceTree = "<group>";
		};
		7474ED182709C7BE004E8B95 /* Drawer */ = {
			isa = PBXGroup;
			children = (
				7474ED322709C8C1004E8B95 /* Core */,
				7474ED312709C8B5004E8B95 /* UI */,
				7436ED77275CD0EA0079D036 /* Drawers */,
				742F0D1E270A4878002B3F8D /* Models */,
				7474ED2E2709C864004E8B95 /* Helpers */,
				7474ED2D2709C7D7004E8B95 /* Drawer.entitlements */,
				7474ED222709C7C0004E8B95 /* Assets.xcassets */,
				7474ED242709C7C0004E8B95 /* LaunchScreen.storyboard */,
				7474ED272709C7C0004E8B95 /* Info.plist */,
			);
			path = Drawer;
			sourceTree = "<group>";
		};
		7474ED2E2709C864004E8B95 /* Helpers */ = {
			isa = PBXGroup;
			children = (
				7474ED2F2709C88E004E8B95 /* UIView+Layout.swift */,
				742152AA2714E51600802062 /* Stack.swift */,
				7418039227235F670046F06C /* Board.swift */,
				74CD02B0273B1A67007F0CFA /* UIColor+IsEqual.swift */,
				749650262760AC0F0061F01C /* Point3D.swift */,
				749650282760AC320061F01C /* CGPoint+Translated.swift */,
			);
			path = Helpers;
			sourceTree = "<group>";
		};
		7474ED312709C8B5004E8B95 /* UI */ = {
			isa = PBXGroup;
			children = (
				74D54B322743C034008D5DC2 /* Common */,
				74D240A4275A653500123A52 /* Main */,
				7454FB10274D6E0300F17547 /* Primitives */,
				7454FB11274D6E0D00F17547 /* Curves */,
				74D240A5275A66A200123A52 /* 3DObjects */,
				7454FB18274D6E4600F17547 /* Settings */,
			);
			path = UI;
			sourceTree = "<group>";
		};
		7474ED322709C8C1004E8B95 /* Core */ = {
			isa = PBXGroup;
			children = (
				7474ED192709C7BE004E8B95 /* AppDelegate.swift */,
				7474ED1B2709C7BE004E8B95 /* SceneDelegate.swift */,
			);
			path = Core;
			sourceTree = "<group>";
		};
		74810007270B9C2900BAB024 /* 2DDrawers */ = {
			isa = PBXGroup;
			children = (
				742152A82714DB7600802062 /* PixelDrawer.swift */,
				74810008270B9C3F00BAB024 /* ShapeDrawer.swift */,
				7481000A270B9C7700BAB024 /* LineDrawer.swift */,
				7481000C270B9DA100BAB024 /* CircleDrawer.swift */,
				7481000E270B9DD900BAB024 /* EllipseDrawer.swift */,
				74302BC92724287B004F24F0 /* PolygonDrawer.swift */,
			);
			path = 2DDrawers;
			sourceTree = "<group>";
		};
		7496502E2760E8310061F01C /* Helpers */ = {
			isa = PBXGroup;
			children = (
				7496502F2760E84A0061F01C /* DecelerationTimingParameters.swift */,
				749650312760E8650061F01C /* TimerAnimation.swift */,
			);
			path = Helpers;
			sourceTree = "<group>";
		};
		74C89230275FE48B0045798E /* Views */ = {
			isa = PBXGroup;
			children = (
				74C89233275FE4D90045798E /* Object3DOptionsView.swift */,
				74C89231275FE4BB0045798E /* Object3DOptionItemView.swift */,
			);
			path = Views;
			sourceTree = "<group>";
		};
		74D240A4275A653500123A52 /* Main */ = {
			isa = PBXGroup;
			children = (
				742F0D21270A4E0D002B3F8D /* SplitViewController.swift */,
				74810014270BAF9A00BAB024 /* AboutDeveloperView.swift */,
				7454FB0C274D6D6600F17547 /* SelectDrawingViewController.swift */,
			);
			path = Main;
			sourceTree = "<group>";
		};
		74D240A5275A66A200123A52 /* 3DObjects */ = {
			isa = PBXGroup;
			children = (
				74D240A6275A66C600123A52 /* Objects3DDrawingViewController.swift */,
				7496502E2760E8310061F01C /* Helpers */,
				74C89230275FE48B0045798E /* Views */,
			);
			path = 3DObjects;
			sourceTree = "<group>";
		};
		74D54B322743C034008D5DC2 /* Common */ = {
			isa = PBXGroup;
			children = (
				74D54B332743C04A008D5DC2 /* DrawingViewController.swift */,
			);
			path = Common;
			sourceTree = "<group>";
		};
/* End PBXGroup section */

/* Begin PBXNativeTarget section */
		7474ED152709C7BE004E8B95 /* Drawer */ = {
			isa = PBXNativeTarget;
			buildConfigurationList = 7474ED2A2709C7C0004E8B95 /* Build configuration list for PBXNativeTarget "Drawer" */;
			buildPhases = (
				7474ED122709C7BE004E8B95 /* Sources */,
				7474ED132709C7BE004E8B95 /* Frameworks */,
				7474ED142709C7BE004E8B95 /* Resources */,
			);
			buildRules = (
			);
			dependencies = (
			);
			name = Drawer;
			productName = Drawer;
			productReference = 7474ED162709C7BE004E8B95 /* Drawer.app */;
			productType = "com.apple.product-type.application";
		};
/* End PBXNativeTarget section */

/* Begin PBXProject section */
		7474ED0E2709C7BE004E8B95 /* Project object */ = {
			isa = PBXProject;
			attributes = {
				BuildIndependentTargetsInParallel = 1;
				LastSwiftUpdateCheck = 1300;
				LastUpgradeCheck = 1300;
				TargetAttributes = {
					7474ED152709C7BE004E8B95 = {
						CreatedOnToolsVersion = 13.0;
					};
				};
			};
			buildConfigurationList = 7474ED112709C7BE004E8B95 /* Build configuration list for PBXProject "Drawer" */;
			compatibilityVersion = "Xcode 13.0";
			developmentRegion = en;
			hasScannedForEncodings = 0;
			knownRegions = (
				en,
				Base,
			);
			mainGroup = 7474ED0D2709C7BE004E8B95;
			productRefGroup = 7474ED172709C7BE004E8B95 /* Products */;
			projectDirPath = "";
			projectRoot = "";
			targets = (
				7474ED152709C7BE004E8B95 /* Drawer */,
			);
		};
/* End PBXProject section */

/* Begin PBXResourcesBuildPhase section */
		7474ED142709C7BE004E8B95 /* Resources */ = {
			isa = PBXResourcesBuildPhase;
			buildActionMask = 2147483647;
			files = (
				7474ED262709C7C0004E8B95 /* LaunchScreen.storyboard in Resources */,
				7474ED232709C7C0004E8B95 /* Assets.xcassets in Resources */,
			);
			runOnlyForDeploymentPostprocessing = 0;
		};
/* End PBXResourcesBuildPhase section */

/* Begin PBXSourcesBuildPhase section */
		7474ED122709C7BE004E8B95 /* Sources */ = {
			isa = PBXSourcesBuildPhase;
			buildActionMask = 2147483647;
			files = (
				7441C7EE27430DC9004CD180 /* ClippingViewController.swift in Sources */,
				742152A72714DB2500802062 /* ShapeFiller.swift in Sources */,
				74D54B342743C04A008D5DC2 /* DrawingViewController.swift in Sources */,
				7481000B270B9C7700BAB024 /* LineDrawer.swift in Sources */,
				7481000F270B9DD900BAB024 /* EllipseDrawer.swift in Sources */,
				749650252760ABFC0061F01C /* Object3D.swift in Sources */,
				742152AB2714E51600802062 /* Stack.swift in Sources */,
				749650302760E84A0061F01C /* DecelerationTimingParameters.swift in Sources */,
				7458D064272710EA0055011C /* PolygonFiller.swift in Sources */,
				7436ED7A275CD13C0079D036 /* Cube.swift in Sources */,
				749650272760AC0F0061F01C /* Point3D.swift in Sources */,
				7418039327235F670046F06C /* Board.swift in Sources */,
				7496502B2760B6BD0061F01C /* Pyramid.swift in Sources */,
				74AC8A94274F0DAE0084A48D /* CasteljauBezierCurve.swift in Sources */,
				749650292760AC320061F01C /* CGPoint+Translated.swift in Sources */,
				742152A92714DB7600802062 /* PixelDrawer.swift in Sources */,
				749650322760E8650061F01C /* TimerAnimation.swift in Sources */,
				7464762827253EC70079BAE2 /* Polygon.swift in Sources */,
				74810013270B9ECE00BAB024 /* DrawingType.swift in Sources */,
				7474ED302709C88E004E8B95 /* UIView+Layout.swift in Sources */,
				7474ED1E2709C7BE004E8B95 /* DrawSettingsViewController.swift in Sources */,
				7454FB0F274D6DEA00F17547 /* CurvesDrawingViewController.swift in Sources */,
				7454FB0D274D6D6600F17547 /* SelectDrawingViewController.swift in Sources */,
				74810015270BAF9A00BAB024 /* AboutDeveloperView.swift in Sources */,
				74810009270B9C3F00BAB024 /* ShapeDrawer.swift in Sources */,
				74D240A7275A66C600123A52 /* Objects3DDrawingViewController.swift in Sources */,
				7496502D2760E1BF0061F01C /* Diamond.swift in Sources */,
				7432D859274E508100D6D4CC /* BezierCurve.swift in Sources */,
				74F886E32743D27A00C6CF55 /* Rectangle.swift in Sources */,
				7432D85E274E80A900D6D4CC /* CurveOptionsView.swift in Sources */,
				7481000D270B9DA100BAB024 /* CircleDrawer.swift in Sources */,
				74CD02B1273B1A67007F0CFA /* UIColor+IsEqual.swift in Sources */,
				74C89234275FE4D90045798E /* Object3DOptionsView.swift in Sources */,
				7474ED1A2709C7BE004E8B95 /* AppDelegate.swift in Sources */,
				742F0D22270A4E0D002B3F8D /* SplitViewController.swift in Sources */,
				7474ED1C2709C7BE004E8B95 /* SceneDelegate.swift in Sources */,
				74810011270B9EB700BAB024 /* SectionDataSource.swift in Sources */,
				74F886E12743D1E600C6CF55 /* Line.swift in Sources */,
				742F0D24270A4E7B002B3F8D /* PrimitivesDrawingViewController.swift in Sources */,
				7432D857274E4FF500D6D4CC /* CurveDrawer.swift in Sources */,
				74C89232275FE4BB0045798E /* Object3DOptionItemView.swift in Sources */,
				74302BCA2724287B004F24F0 /* PolygonDrawer.swift in Sources */,
				7432D85C274E7F1200D6D4CC /* CurveOptionItemView.swift in Sources */,
				7432B706274ED6C00062C794 /* BSplineCurve.swift in Sources */,
			);
			runOnlyForDeploymentPostprocessing = 0;
		};
/* End PBXSourcesBuildPhase section */

/* Begin PBXVariantGroup section */
		7474ED242709C7C0004E8B95 /* LaunchScreen.storyboard */ = {
			isa = PBXVariantGroup;
			children = (
				7474ED252709C7C0004E8B95 /* Base */,
			);
			name = LaunchScreen.storyboard;
			sourceTree = "<group>";
		};
/* End PBXVariantGroup section */

/* Begin XCBuildConfiguration section */
		7474ED282709C7C0004E8B95 /* Debug */ = {
			isa = XCBuildConfiguration;
			buildSettings = {
				ALWAYS_SEARCH_USER_PATHS = NO;
				CLANG_ANALYZER_NONNULL = YES;
				CLANG_ANALYZER_NUMBER_OBJECT_CONVERSION = YES_AGGRESSIVE;
				CLANG_CXX_LANGUAGE_STANDARD = "gnu++17";
				CLANG_CXX_LIBRARY = "libc++";
				CLANG_ENABLE_MODULES = YES;
				CLANG_ENABLE_OBJC_ARC = YES;
				CLANG_ENABLE_OBJC_WEAK = YES;
				CLANG_WARN_BLOCK_CAPTURE_AUTORELEASING = YES;
				CLANG_WARN_BOOL_CONVERSION = YES;
				CLANG_WARN_COMMA = YES;
				CLANG_WARN_CONSTANT_CONVERSION = YES;
				CLANG_WARN_DEPRECATED_OBJC_IMPLEMENTATIONS = YES;
				CLANG_WARN_DIRECT_OBJC_ISA_USAGE = YES_ERROR;
				CLANG_WARN_DOCUMENTATION_COMMENTS = YES;
				CLANG_WARN_EMPTY_BODY = YES;
				CLANG_WARN_ENUM_CONVERSION = YES;
				CLANG_WARN_INFINITE_RECURSION = YES;
				CLANG_WARN_INT_CONVERSION = YES;
				CLANG_WARN_NON_LITERAL_NULL_CONVERSION = YES;
				CLANG_WARN_OBJC_IMPLICIT_RETAIN_SELF = YES;
				CLANG_WARN_OBJC_LITERAL_CONVERSION = YES;
				CLANG_WARN_OBJC_ROOT_CLASS = YES_ERROR;
				CLANG_WARN_QUOTED_INCLUDE_IN_FRAMEWORK_HEADER = YES;
				CLANG_WARN_RANGE_LOOP_ANALYSIS = YES;
				CLANG_WARN_STRICT_PROTOTYPES = YES;
				CLANG_WARN_SUSPICIOUS_MOVE = YES;
				CLANG_WARN_UNGUARDED_AVAILABILITY = YES_AGGRESSIVE;
				CLANG_WARN_UNREACHABLE_CODE = YES;
				CLANG_WARN__DUPLICATE_METHOD_MATCH = YES;
				COPY_PHASE_STRIP = NO;
				DEBUG_INFORMATION_FORMAT = dwarf;
				ENABLE_STRICT_OBJC_MSGSEND = YES;
				ENABLE_TESTABILITY = YES;
				GCC_C_LANGUAGE_STANDARD = gnu11;
				GCC_DYNAMIC_NO_PIC = NO;
				GCC_NO_COMMON_BLOCKS = YES;
				GCC_OPTIMIZATION_LEVEL = 0;
				GCC_PREPROCESSOR_DEFINITIONS = (
					"DEBUG=1",
					"$(inherited)",
				);
				GCC_WARN_64_TO_32_BIT_CONVERSION = YES;
				GCC_WARN_ABOUT_RETURN_TYPE = YES_ERROR;
				GCC_WARN_UNDECLARED_SELECTOR = YES;
				GCC_WARN_UNINITIALIZED_AUTOS = YES_AGGRESSIVE;
				GCC_WARN_UNUSED_FUNCTION = YES;
				GCC_WARN_UNUSED_VARIABLE = YES;
				IPHONEOS_DEPLOYMENT_TARGET = 15.0;
				MTL_ENABLE_DEBUG_INFO = INCLUDE_SOURCE;
				MTL_FAST_MATH = YES;
				ONLY_ACTIVE_ARCH = YES;
				SDKROOT = iphoneos;
				SWIFT_ACTIVE_COMPILATION_CONDITIONS = DEBUG;
				SWIFT_OPTIMIZATION_LEVEL = "-Onone";
			};
			name = Debug;
		};
		7474ED292709C7C0004E8B95 /* Release */ = {
			isa = XCBuildConfiguration;
			buildSettings = {
				ALWAYS_SEARCH_USER_PATHS = NO;
				CLANG_ANALYZER_NONNULL = YES;
				CLANG_ANALYZER_NUMBER_OBJECT_CONVERSION = YES_AGGRESSIVE;
				CLANG_CXX_LANGUAGE_STANDARD = "gnu++17";
				CLANG_CXX_LIBRARY = "libc++";
				CLANG_ENABLE_MODULES = YES;
				CLANG_ENABLE_OBJC_ARC = YES;
				CLANG_ENABLE_OBJC_WEAK = YES;
				CLANG_WARN_BLOCK_CAPTURE_AUTORELEASING = YES;
				CLANG_WARN_BOOL_CONVERSION = YES;
				CLANG_WARN_COMMA = YES;
				CLANG_WARN_CONSTANT_CONVERSION = YES;
				CLANG_WARN_DEPRECATED_OBJC_IMPLEMENTATIONS = YES;
				CLANG_WARN_DIRECT_OBJC_ISA_USAGE = YES_ERROR;
				CLANG_WARN_DOCUMENTATION_COMMENTS = YES;
				CLANG_WARN_EMPTY_BODY = YES;
				CLANG_WARN_ENUM_CONVERSION = YES;
				CLANG_WARN_INFINITE_RECURSION = YES;
				CLANG_WARN_INT_CONVERSION = YES;
				CLANG_WARN_NON_LITERAL_NULL_CONVERSION = YES;
				CLANG_WARN_OBJC_IMPLICIT_RETAIN_SELF = YES;
				CLANG_WARN_OBJC_LITERAL_CONVERSION = YES;
				CLANG_WARN_OBJC_ROOT_CLASS = YES_ERROR;
				CLANG_WARN_QUOTED_INCLUDE_IN_FRAMEWORK_HEADER = YES;
				CLANG_WARN_RANGE_LOOP_ANALYSIS = YES;
				CLANG_WARN_STRICT_PROTOTYPES = YES;
				CLANG_WARN_SUSPICIOUS_MOVE = YES;
				CLANG_WARN_UNGUARDED_AVAILABILITY = YES_AGGRESSIVE;
				CLANG_WARN_UNREACHABLE_CODE = YES;
				CLANG_WARN__DUPLICATE_METHOD_MATCH = YES;
				COPY_PHASE_STRIP = NO;
				DEBUG_INFORMATION_FORMAT = "dwarf-with-dsym";
				ENABLE_NS_ASSERTIONS = NO;
				ENABLE_STRICT_OBJC_MSGSEND = YES;
				GCC_C_LANGUAGE_STANDARD = gnu11;
				GCC_NO_COMMON_BLOCKS = YES;
				GCC_WARN_64_TO_32_BIT_CONVERSION = YES;
				GCC_WARN_ABOUT_RETURN_TYPE = YES_ERROR;
				GCC_WARN_UNDECLARED_SELECTOR = YES;
				GCC_WARN_UNINITIALIZED_AUTOS = YES_AGGRESSIVE;
				GCC_WARN_UNUSED_FUNCTION = YES;
				GCC_WARN_UNUSED_VARIABLE = YES;
				IPHONEOS_DEPLOYMENT_TARGET = 15.0;
				MTL_ENABLE_DEBUG_INFO = NO;
				MTL_FAST_MATH = YES;
				SDKROOT = iphoneos;
				SWIFT_COMPILATION_MODE = wholemodule;
				SWIFT_OPTIMIZATION_LEVEL = "-O";
				VALIDATE_PRODUCT = YES;
			};
			name = Release;
		};
		7474ED2B2709C7C0004E8B95 /* Debug */ = {
			isa = XCBuildConfiguration;
			buildSettings = {
				ASSETCATALOG_COMPILER_APPICON_NAME = AppIcon;
				ASSETCATALOG_COMPILER_GLOBAL_ACCENT_COLOR_NAME = AccentColor;
				CODE_SIGN_ENTITLEMENTS = Drawer/Drawer.entitlements;
				CODE_SIGN_STYLE = Automatic;
				CURRENT_PROJECT_VERSION = 1;
				DEVELOPMENT_TEAM = W5ZZPB5BG7;
				GENERATE_INFOPLIST_FILE = YES;
				INFOPLIST_FILE = Drawer/Info.plist;
				INFOPLIST_KEY_UIApplicationSupportsIndirectInputEvents = YES;
				INFOPLIST_KEY_UILaunchStoryboardName = LaunchScreen;
				INFOPLIST_KEY_UISupportedInterfaceOrientations_iPad = "UIInterfaceOrientationPortrait UIInterfaceOrientationPortraitUpsideDown UIInterfaceOrientationLandscapeLeft UIInterfaceOrientationLandscapeRight";
				INFOPLIST_KEY_UISupportedInterfaceOrientations_iPhone = "UIInterfaceOrientationPortrait UIInterfaceOrientationLandscapeLeft UIInterfaceOrientationLandscapeRight";
				LD_RUNPATH_SEARCH_PATHS = (
					"$(inherited)",
					"@executable_path/Frameworks",
				);
				MARKETING_VERSION = 1.0;
				PRODUCT_BUNDLE_IDENTIFIER = ru.hse.Drawer;
				PRODUCT_NAME = "$(TARGET_NAME)";
				SUPPORTS_MACCATALYST = YES;
				SWIFT_EMIT_LOC_STRINGS = YES;
				SWIFT_VERSION = 5.0;
				TARGETED_DEVICE_FAMILY = 2;
			};
			name = Debug;
		};
		7474ED2C2709C7C0004E8B95 /* Release */ = {
			isa = XCBuildConfiguration;
			buildSettings = {
				ASSETCATALOG_COMPILER_APPICON_NAME = AppIcon;
				ASSETCATALOG_COMPILER_GLOBAL_ACCENT_COLOR_NAME = AccentColor;
				CODE_SIGN_ENTITLEMENTS = Drawer/Drawer.entitlements;
				CODE_SIGN_STYLE = Automatic;
				CURRENT_PROJECT_VERSION = 1;
				DEVELOPMENT_TEAM = W5ZZPB5BG7;
				GENERATE_INFOPLIST_FILE = YES;
				INFOPLIST_FILE = Drawer/Info.plist;
				INFOPLIST_KEY_UIApplicationSupportsIndirectInputEvents = YES;
				INFOPLIST_KEY_UILaunchStoryboardName = LaunchScreen;
				INFOPLIST_KEY_UISupportedInterfaceOrientations_iPad = "UIInterfaceOrientationPortrait UIInterfaceOrientationPortraitUpsideDown UIInterfaceOrientationLandscapeLeft UIInterfaceOrientationLandscapeRight";
				INFOPLIST_KEY_UISupportedInterfaceOrientations_iPhone = "UIInterfaceOrientationPortrait UIInterfaceOrientationLandscapeLeft UIInterfaceOrientationLandscapeRight";
				LD_RUNPATH_SEARCH_PATHS = (
					"$(inherited)",
					"@executable_path/Frameworks",
				);
				MARKETING_VERSION = 1.0;
				PRODUCT_BUNDLE_IDENTIFIER = ru.hse.Drawer;
				PRODUCT_NAME = "$(TARGET_NAME)";
				SUPPORTS_MACCATALYST = YES;
				SWIFT_EMIT_LOC_STRINGS = YES;
				SWIFT_VERSION = 5.0;
				TARGETED_DEVICE_FAMILY = 2;
			};
			name = Release;
		};
/* End XCBuildConfiguration section */

/* Begin XCConfigurationList section */
		7474ED112709C7BE004E8B95 /* Build configuration list for PBXProject "Drawer" */ = {
			isa = XCConfigurationList;
			buildConfigurations = (
				7474ED282709C7C0004E8B95 /* Debug */,
				7474ED292709C7C0004E8B95 /* Release */,
			);
			defaultConfigurationIsVisible = 0;
			defaultConfigurationName = Release;
		};
		7474ED2A2709C7C0004E8B95 /* Build configuration list for PBXNativeTarget "Drawer" */ = {
			isa = XCConfigurationList;
			buildConfigurations = (
				7474ED2B2709C7C0004E8B95 /* Debug */,
				7474ED2C2709C7C0004E8B95 /* Release */,
			);
			defaultConfigurationIsVisible = 0;
			defaultConfigurationName = Release;
		};
/* End XCConfigurationList section */
	};
	rootObject = 7474ED0E2709C7BE004E8B95 /* Project object */;
}
