// !$*UTF8*$!
{
	archiveVersion = 1;
	classes = {
	};
	objectVersion = 55;
	objects = {

/* Begin PBXBuildFile section */
		7418039327235F670046F06C /* Board.swift in Sources */ = {isa = PBXBuildFile; fileRef = 7418039227235F670046F06C /* Board.swift */; };
		742152A72714DB2500802062 /* ShapeFiller.swift in Sources */ = {isa = PBXBuildFile; fileRef = 742152A62714DB2500802062 /* ShapeFiller.swift */; };
		742152A92714DB7600802062 /* PixelDrawer.swift in Sources */ = {isa = PBXBuildFile; fileRef = 742152A82714DB7600802062 /* PixelDrawer.swift */; };
		742152AB2714E51600802062 /* Stack.swift in Sources */ = {isa = PBXBuildFile; fileRef = 742152AA2714E51600802062 /* Stack.swift */; };
		742F0D22270A4E0D002B3F8D /* SplitViewController.swift in Sources */ = {isa = PBXBuildFile; fileRef = 742F0D21270A4E0D002B3F8D /* SplitViewController.swift */; };
		742F0D24270A4E7B002B3F8D /* DrawingViewController.swift in Sources */ = {isa = PBXBuildFile; fileRef = 742F0D23270A4E7B002B3F8D /* DrawingViewController.swift */; };
		74302BCA2724287B004F24F0 /* PolygonDrawer.swift in Sources */ = {isa = PBXBuildFile; fileRef = 74302BC92724287B004F24F0 /* PolygonDrawer.swift */; };
		7474ED1A2709C7BE004E8B95 /* AppDelegate.swift in Sources */ = {isa = PBXBuildFile; fileRef = 7474ED192709C7BE004E8B95 /* AppDelegate.swift */; };
		7474ED1C2709C7BE004E8B95 /* SceneDelegate.swift in Sources */ = {isa = PBXBuildFile; fileRef = 7474ED1B2709C7BE004E8B95 /* SceneDelegate.swift */; };
		7474ED1E2709C7BE004E8B95 /* DrawSettingsViewController.swift in Sources */ = {isa = PBXBuildFile; fileRef = 7474ED1D2709C7BE004E8B95 /* DrawSettingsViewController.swift */; };
		7474ED232709C7C0004E8B95 /* Assets.xcassets in Resources */ = {isa = PBXBuildFile; fileRef = 7474ED222709C7C0004E8B95 /* Assets.xcassets */; };
		7474ED262709C7C0004E8B95 /* LaunchScreen.storyboard in Resources */ = {isa = PBXBuildFile; fileRef = 7474ED242709C7C0004E8B95 /* LaunchScreen.storyboard */; };
		7474ED302709C88E004E8B95 /* UIView+Layout.swift in Sources */ = {isa = PBXBuildFile; fileRef = 7474ED2F2709C88E004E8B95 /* UIView+Layout.swift */; };
		74810009270B9C3F00BAB024 /* ShapeDrawer.swift in Sources */ = {isa = PBXBuildFile; fileRef = 74810008270B9C3F00BAB024 /* ShapeDrawer.swift */; };
		7481000B270B9C7700BAB024 /* LineDrawer.swift in Sources */ = {isa = PBXBuildFile; fileRef = 7481000A270B9C7700BAB024 /* LineDrawer.swift */; };
		7481000D270B9DA100BAB024 /* CircleDrawer.swift in Sources */ = {isa = PBXBuildFile; fileRef = 7481000C270B9DA100BAB024 /* CircleDrawer.swift */; };
		7481000F270B9DD900BAB024 /* EllipseDrawer.swift in Sources */ = {isa = PBXBuildFile; fileRef = 7481000E270B9DD900BAB024 /* EllipseDrawer.swift */; };
		74810011270B9EB700BAB024 /* SectionDataSource.swift in Sources */ = {isa = PBXBuildFile; fileRef = 74810010270B9EB700BAB024 /* SectionDataSource.swift */; };
		74810013270B9ECE00BAB024 /* DrawingType.swift in Sources */ = {isa = PBXBuildFile; fileRef = 74810012270B9ECE00BAB024 /* DrawingType.swift */; };
		74810015270BAF9A00BAB024 /* AboutDeveloperView.swift in Sources */ = {isa = PBXBuildFile; fileRef = 74810014270BAF9A00BAB024 /* AboutDeveloperView.swift */; };
/* End PBXBuildFile section */

/* Begin PBXFileReference section */
		7418039227235F670046F06C /* Board.swift */ = {isa = PBXFileReference; lastKnownFileType = sourcecode.swift; path = Board.swift; sourceTree = "<group>"; };
		742152A62714DB2500802062 /* ShapeFiller.swift */ = {isa = PBXFileReference; lastKnownFileType = sourcecode.swift; path = ShapeFiller.swift; sourceTree = "<group>"; };
		742152A82714DB7600802062 /* PixelDrawer.swift */ = {isa = PBXFileReference; lastKnownFileType = sourcecode.swift; path = PixelDrawer.swift; sourceTree = "<group>"; };
		742152AA2714E51600802062 /* Stack.swift */ = {isa = PBXFileReference; lastKnownFileType = sourcecode.swift; path = Stack.swift; sourceTree = "<group>"; };
		742F0D21270A4E0D002B3F8D /* SplitViewController.swift */ = {isa = PBXFileReference; lastKnownFileType = sourcecode.swift; path = SplitViewController.swift; sourceTree = "<group>"; };
		742F0D23270A4E7B002B3F8D /* DrawingViewController.swift */ = {isa = PBXFileReference; lastKnownFileType = sourcecode.swift; path = DrawingViewController.swift; sourceTree = "<group>"; };
		74302BC92724287B004F24F0 /* PolygonDrawer.swift */ = {isa = PBXFileReference; lastKnownFileType = sourcecode.swift; path = PolygonDrawer.swift; sourceTree = "<group>"; };
		7474ED162709C7BE004E8B95 /* Drawer.app */ = {isa = PBXFileReference; explicitFileType = wrapper.application; includeInIndex = 0; path = Drawer.app; sourceTree = BUILT_PRODUCTS_DIR; };
		7474ED192709C7BE004E8B95 /* AppDelegate.swift */ = {isa = PBXFileReference; lastKnownFileType = sourcecode.swift; path = AppDelegate.swift; sourceTree = "<group>"; };
		7474ED1B2709C7BE004E8B95 /* SceneDelegate.swift */ = {isa = PBXFileReference; lastKnownFileType = sourcecode.swift; path = SceneDelegate.swift; sourceTree = "<group>"; };
		7474ED1D2709C7BE004E8B95 /* DrawSettingsViewController.swift */ = {isa = PBXFileReference; lastKnownFileType = sourcecode.swift; path = DrawSettingsViewController.swift; sourceTree = "<group>"; };
		7474ED222709C7C0004E8B95 /* Assets.xcassets */ = {isa = PBXFileReference; lastKnownFileType = folder.assetcatalog; path = Assets.xcassets; sourceTree = "<group>"; };
		7474ED252709C7C0004E8B95 /* Base */ = {isa = PBXFileReference; lastKnownFileType = file.storyboard; name = Base; path = Base.lproj/LaunchScreen.storyboard; sourceTree = "<group>"; };
		7474ED272709C7C0004E8B95 /* Info.plist */ = {isa = PBXFileReference; lastKnownFileType = text.plist.xml; path = Info.plist; sourceTree = "<group>"; };
		7474ED2D2709C7D7004E8B95 /* Drawer.entitlements */ = {isa = PBXFileReference; lastKnownFileType = text.plist.entitlements; path = Drawer.entitlements; sourceTree = "<group>"; };
		7474ED2F2709C88E004E8B95 /* UIView+Layout.swift */ = {isa = PBXFileReference; fileEncoding = 4; lastKnownFileType = sourcecode.swift; path = "UIView+Layout.swift"; sourceTree = "<group>"; };
		74810008270B9C3F00BAB024 /* ShapeDrawer.swift */ = {isa = PBXFileReference; lastKnownFileType = sourcecode.swift; path = ShapeDrawer.swift; sourceTree = "<group>"; };
		7481000A270B9C7700BAB024 /* LineDrawer.swift */ = {isa = PBXFileReference; lastKnownFileType = sourcecode.swift; path = LineDrawer.swift; sourceTree = "<group>"; };
		7481000C270B9DA100BAB024 /* CircleDrawer.swift */ = {isa = PBXFileReference; lastKnownFileType = sourcecode.swift; path = CircleDrawer.swift; sourceTree = "<group>"; };
		7481000E270B9DD900BAB024 /* EllipseDrawer.swift */ = {isa = PBXFileReference; lastKnownFileType = sourcecode.swift; path = EllipseDrawer.swift; sourceTree = "<group>"; };
		74810010270B9EB700BAB024 /* SectionDataSource.swift */ = {isa = PBXFileReference; lastKnownFileType = sourcecode.swift; path = SectionDataSource.swift; sourceTree = "<group>"; };
		74810012270B9ECE00BAB024 /* DrawingType.swift */ = {isa = PBXFileReference; lastKnownFileType = sourcecode.swift; path = DrawingType.swift; sourceTree = "<group>"; };
		74810014270BAF9A00BAB024 /* AboutDeveloperView.swift */ = {isa = PBXFileReference; lastKnownFileType = sourcecode.swift; path = AboutDeveloperView.swift; sourceTree = "<group>"; };
/* End PBXFileReference section */

/* Begin PBXFrameworksBuildPhase section */
		7474ED132709C7BE004E8B95 /* Frameworks */ = {
			isa = PBXFrameworksBuildPhase;
			buildActionMask = 2147483647;
			files = (
			);
			runOnlyForDeploymentPostprocessing = 0;
		};
/* End PBXFrameworksBuildPhase section */

/* Begin PBXGroup section */
		742F0D1E270A4878002B3F8D /* Models */ = {
			isa = PBXGroup;
			children = (
				74810010270B9EB700BAB024 /* SectionDataSource.swift */,
				74810012270B9ECE00BAB024 /* DrawingType.swift */,
			);
			path = Models;
			sourceTree = "<group>";
		};
		7474ED0D2709C7BE004E8B95 = {
			isa = PBXGroup;
			children = (
				7474ED182709C7BE004E8B95 /* Drawer */,
				7474ED172709C7BE004E8B95 /* Products */,
			);
			sourceTree = "<group>";
		};
		7474ED172709C7BE004E8B95 /* Products */ = {
			isa = PBXGroup;
			children = (
				7474ED162709C7BE004E8B95 /* Drawer.app */,
			);
			name = Products;
			sourceTree = "<group>";
		};
		7474ED182709C7BE004E8B95 /* Drawer */ = {
			isa = PBXGroup;
			children = (
				7474ED322709C8C1004E8B95 /* Core */,
				7474ED312709C8B5004E8B95 /* UI */,
				74810007270B9C2900BAB024 /* Drawers */,
				742F0D1E270A4878002B3F8D /* Models */,
				7474ED2E2709C864004E8B95 /* Helpers */,
				7474ED2D2709C7D7004E8B95 /* Drawer.entitlements */,
				7474ED222709C7C0004E8B95 /* Assets.xcassets */,
				7474ED242709C7C0004E8B95 /* LaunchScreen.storyboard */,
				7474ED272709C7C0004E8B95 /* Info.plist */,
			);
			path = Drawer;
			sourceTree = "<group>";
		};
		7474ED2E2709C864004E8B95 /* Helpers */ = {
			isa = PBXGroup;
			children = (
				7474ED2F2709C88E004E8B95 /* UIView+Layout.swift */,
				742152AA2714E51600802062 /* Stack.swift */,
				7418039227235F670046F06C /* Board.swift */,
			);
			path = Helpers;
			sourceTree = "<group>";
		};
		7474ED312709C8B5004E8B95 /* UI */ = {
			isa = PBXGroup;
			children = (
				742F0D21270A4E0D002B3F8D /* SplitViewController.swift */,
				7474ED1D2709C7BE004E8B95 /* DrawSettingsViewController.swift */,
				742F0D23270A4E7B002B3F8D /* DrawingViewController.swift */,
				74810014270BAF9A00BAB024 /* AboutDeveloperView.swift */,
			);
			path = UI;
			sourceTree = "<group>";
		};
		7474ED322709C8C1004E8B95 /* Core */ = {
			isa = PBXGroup;
			children = (
				7474ED192709C7BE004E8B95 /* AppDelegate.swift */,
				7474ED1B2709C7BE004E8B95 /* SceneDelegate.swift */,
			);
			path = Core;
			sourceTree = "<group>";
		};
		74810007270B9C2900BAB024 /* Drawers */ = {
			isa = PBXGroup;
			children = (
				742152A82714DB7600802062 /* PixelDrawer.swift */,
				74810008270B9C3F00BAB024 /* ShapeDrawer.swift */,
				7481000A270B9C7700BAB024 /* LineDrawer.swift */,
				7481000C270B9DA100BAB024 /* CircleDrawer.swift */,
				7481000E270B9DD900BAB024 /* EllipseDrawer.swift */,
				742152A62714DB2500802062 /* ShapeFiller.swift */,
				74302BC92724287B004F24F0 /* PolygonDrawer.swift */,
			);
			path = Drawers;
			sourceTree = "<group>";
		};
/* End PBXGroup section */

/* Begin PBXNativeTarget section */
		7474ED152709C7BE004E8B95 /* Drawer */ = {
			isa = PBXNativeTarget;
			buildConfigurationList = 7474ED2A2709C7C0004E8B95 /* Build configuration list for PBXNativeTarget "Drawer" */;
			buildPhases = (
				7474ED122709C7BE004E8B95 /* Sources */,
				7474ED132709C7BE004E8B95 /* Frameworks */,
				7474ED142709C7BE004E8B95 /* Resources */,
			);
			buildRules = (
			);
			dependencies = (
			);
			name = Drawer;
			productName = Drawer;
			productReference = 7474ED162709C7BE004E8B95 /* Drawer.app */;
			productType = "com.apple.product-type.application";
		};
/* End PBXNativeTarget section */

/* Begin PBXProject section */
		7474ED0E2709C7BE004E8B95 /* Project object */ = {
			isa = PBXProject;
			attributes = {
				BuildIndependentTargetsInParallel = 1;
				LastSwiftUpdateCheck = 1300;
				LastUpgradeCheck = 1300;
				TargetAttributes = {
					7474ED152709C7BE004E8B95 = {
						CreatedOnToolsVersion = 13.0;
					};
				};
			};
			buildConfigurationList = 7474ED112709C7BE004E8B95 /* Build configuration list for PBXProject "Drawer" */;
			compatibilityVersion = "Xcode 13.0";
			developmentRegion = en;
			hasScannedForEncodings = 0;
			knownRegions = (
				en,
				Base,
			);
			mainGroup = 7474ED0D2709C7BE004E8B95;
			productRefGroup = 7474ED172709C7BE004E8B95 /* Products */;
			projectDirPath = "";
			projectRoot = "";
			targets = (
				7474ED152709C7BE004E8B95 /* Drawer */,
			);
		};
/* End PBXProject section */

/* Begin PBXResourcesBuildPhase section */
		7474ED142709C7BE004E8B95 /* Resources */ = {
			isa = PBXResourcesBuildPhase;
			buildActionMask = 2147483647;
			files = (
				7474ED262709C7C0004E8B95 /* LaunchScreen.storyboard in Resources */,
				7474ED232709C7C0004E8B95 /* Assets.xcassets in Resources */,
			);
			runOnlyForDeploymentPostprocessing = 0;
		};
/* End PBXResourcesBuildPhase section */

/* Begin PBXSourcesBuildPhase section */
		7474ED122709C7BE004E8B95 /* Sources */ = {
			isa = PBXSourcesBuildPhase;
			buildActionMask = 2147483647;
			files = (
				742152A72714DB2500802062 /* ShapeFiller.swift in Sources */,
				7481000B270B9C7700BAB024 /* LineDrawer.swift in Sources */,
				7481000F270B9DD900BAB024 /* EllipseDrawer.swift in Sources */,
				742152AB2714E51600802062 /* Stack.swift in Sources */,
				7418039327235F670046F06C /* Board.swift in Sources */,
				742152A92714DB7600802062 /* PixelDrawer.swift in Sources */,
				74810013270B9ECE00BAB024 /* DrawingType.swift in Sources */,
				7474ED302709C88E004E8B95 /* UIView+Layout.swift in Sources */,
				7474ED1E2709C7BE004E8B95 /* DrawSettingsViewController.swift in Sources */,
				74810015270BAF9A00BAB024 /* AboutDeveloperView.swift in Sources */,
				74810009270B9C3F00BAB024 /* ShapeDrawer.swift in Sources */,
				7481000D270B9DA100BAB024 /* CircleDrawer.swift in Sources */,
				7474ED1A2709C7BE004E8B95 /* AppDelegate.swift in Sources */,
				742F0D22270A4E0D002B3F8D /* SplitViewController.swift in Sources */,
				7474ED1C2709C7BE004E8B95 /* SceneDelegate.swift in Sources */,
				74810011270B9EB700BAB024 /* SectionDataSource.swift in Sources */,
				742F0D24270A4E7B002B3F8D /* DrawingViewController.swift in Sources */,
				74302BCA2724287B004F24F0 /* PolygonDrawer.swift in Sources */,
			);
			runOnlyForDeploymentPostprocessing = 0;
		};
/* End PBXSourcesBuildPhase section */

/* Begin PBXVariantGroup section */
		7474ED242709C7C0004E8B95 /* LaunchScreen.storyboard */ = {
			isa = PBXVariantGroup;
			children = (
				7474ED252709C7C0004E8B95 /* Base */,
			);
			name = LaunchScreen.storyboard;
			sourceTree = "<group>";
		};
/* End PBXVariantGroup section */

/* Begin XCBuildConfiguration section */
		7474ED282709C7C0004E8B95 /* Debug */ = {
			isa = XCBuildConfiguration;
			buildSettings = {
				ALWAYS_SEARCH_USER_PATHS = NO;
				CLANG_ANALYZER_NONNULL = YES;
				CLANG_ANALYZER_NUMBER_OBJECT_CONVERSION = YES_AGGRESSIVE;
				CLANG_CXX_LANGUAGE_STANDARD = "gnu++17";
				CLANG_CXX_LIBRARY = "libc++";
				CLANG_ENABLE_MODULES = YES;
				CLANG_ENABLE_OBJC_ARC = YES;
				CLANG_ENABLE_OBJC_WEAK = YES;
				CLANG_WARN_BLOCK_CAPTURE_AUTORELEASING = YES;
				CLANG_WARN_BOOL_CONVERSION = YES;
				CLANG_WARN_COMMA = YES;
				CLANG_WARN_CONSTANT_CONVERSION = YES;
				CLANG_WARN_DEPRECATED_OBJC_IMPLEMENTATIONS = YES;
				CLANG_WARN_DIRECT_OBJC_ISA_USAGE = YES_ERROR;
				CLANG_WARN_DOCUMENTATION_COMMENTS = YES;
				CLANG_WARN_EMPTY_BODY = YES;
				CLANG_WARN_ENUM_CONVERSION = YES;
				CLANG_WARN_INFINITE_RECURSION = YES;
				CLANG_WARN_INT_CONVERSION = YES;
				CLANG_WARN_NON_LITERAL_NULL_CONVERSION = YES;
				CLANG_WARN_OBJC_IMPLICIT_RETAIN_SELF = YES;
				CLANG_WARN_OBJC_LITERAL_CONVERSION = YES;
				CLANG_WARN_OBJC_ROOT_CLASS = YES_ERROR;
				CLANG_WARN_QUOTED_INCLUDE_IN_FRAMEWORK_HEADER = YES;
				CLANG_WARN_RANGE_LOOP_ANALYSIS = YES;
				CLANG_WARN_STRICT_PROTOTYPES = YES;
				CLANG_WARN_SUSPICIOUS_MOVE = YES;
				CLANG_WARN_UNGUARDED_AVAILABILITY = YES_AGGRESSIVE;
				CLANG_WARN_UNREACHABLE_CODE = YES;
				CLANG_WARN__DUPLICATE_METHOD_MATCH = YES;
				COPY_PHASE_STRIP = NO;
				DEBUG_INFORMATION_FORMAT = dwarf;
				ENABLE_STRICT_OBJC_MSGSEND = YES;
				ENABLE_TESTABILITY = YES;
				GCC_C_LANGUAGE_STANDARD = gnu11;
				GCC_DYNAMIC_NO_PIC = NO;
				GCC_NO_COMMON_BLOCKS = YES;
				GCC_OPTIMIZATION_LEVEL = 0;
				GCC_PREPROCESSOR_DEFINITIONS = (
					"DEBUG=1",
					"$(inherited)",
				);
				GCC_WARN_64_TO_32_BIT_CONVERSION = YES;
				GCC_WARN_ABOUT_RETURN_TYPE = YES_ERROR;
				GCC_WARN_UNDECLARED_SELECTOR = YES;
				GCC_WARN_UNINITIALIZED_AUTOS = YES_AGGRESSIVE;
				GCC_WARN_UNUSED_FUNCTION = YES;
				GCC_WARN_UNUSED_VARIABLE = YES;
				IPHONEOS_DEPLOYMENT_TARGET = 15.0;
				MTL_ENABLE_DEBUG_INFO = INCLUDE_SOURCE;
				MTL_FAST_MATH = YES;
				ONLY_ACTIVE_ARCH = YES;
				SDKROOT = iphoneos;
				SWIFT_ACTIVE_COMPILATION_CONDITIONS = DEBUG;
				SWIFT_OPTIMIZATION_LEVEL = "-Onone";
			};
			name = Debug;
		};
		7474ED292709C7C0004E8B95 /* Release */ = {
			isa = XCBuildConfiguration;
			buildSettings = {
				ALWAYS_SEARCH_USER_PATHS = NO;
				CLANG_ANALYZER_NONNULL = YES;
				CLANG_ANALYZER_NUMBER_OBJECT_CONVERSION = YES_AGGRESSIVE;
				CLANG_CXX_LANGUAGE_STANDARD = "gnu++17";
				CLANG_CXX_LIBRARY = "libc++";
				CLANG_ENABLE_MODULES = YES;
				CLANG_ENABLE_OBJC_ARC = YES;
				CLANG_ENABLE_OBJC_WEAK = YES;
				CLANG_WARN_BLOCK_CAPTURE_AUTORELEASING = YES;
				CLANG_WARN_BOOL_CONVERSION = YES;
				CLANG_WARN_COMMA = YES;
				CLANG_WARN_CONSTANT_CONVERSION = YES;
				CLANG_WARN_DEPRECATED_OBJC_IMPLEMENTATIONS = YES;
				CLANG_WARN_DIRECT_OBJC_ISA_USAGE = YES_ERROR;
				CLANG_WARN_DOCUMENTATION_COMMENTS = YES;
				CLANG_WARN_EMPTY_BODY = YES;
				CLANG_WARN_ENUM_CONVERSION = YES;
				CLANG_WARN_INFINITE_RECURSION = YES;
				CLANG_WARN_INT_CONVERSION = YES;
				CLANG_WARN_NON_LITERAL_NULL_CONVERSION = YES;
				CLANG_WARN_OBJC_IMPLICIT_RETAIN_SELF = YES;
				CLANG_WARN_OBJC_LITERAL_CONVERSION = YES;
				CLANG_WARN_OBJC_ROOT_CLASS = YES_ERROR;
				CLANG_WARN_QUOTED_INCLUDE_IN_FRAMEWORK_HEADER = YES;
				CLANG_WARN_RANGE_LOOP_ANALYSIS = YES;
				CLANG_WARN_STRICT_PROTOTYPES = YES;
				CLANG_WARN_SUSPICIOUS_MOVE = YES;
				CLANG_WARN_UNGUARDED_AVAILABILITY = YES_AGGRESSIVE;
				CLANG_WARN_UNREACHABLE_CODE = YES;
				CLANG_WARN__DUPLICATE_METHOD_MATCH = YES;
				COPY_PHASE_STRIP = NO;
				DEBUG_INFORMATION_FORMAT = "dwarf-with-dsym";
				ENABLE_NS_ASSERTIONS = NO;
				ENABLE_STRICT_OBJC_MSGSEND = YES;
				GCC_C_LANGUAGE_STANDARD = gnu11;
				GCC_NO_COMMON_BLOCKS = YES;
				GCC_WARN_64_TO_32_BIT_CONVERSION = YES;
				GCC_WARN_ABOUT_RETURN_TYPE = YES_ERROR;
				GCC_WARN_UNDECLARED_SELECTOR = YES;
				GCC_WARN_UNINITIALIZED_AUTOS = YES_AGGRESSIVE;
				GCC_WARN_UNUSED_FUNCTION = YES;
				GCC_WARN_UNUSED_VARIABLE = YES;
				IPHONEOS_DEPLOYMENT_TARGET = 15.0;
				MTL_ENABLE_DEBUG_INFO = NO;
				MTL_FAST_MATH = YES;
				SDKROOT = iphoneos;
				SWIFT_COMPILATION_MODE = wholemodule;
				SWIFT_OPTIMIZATION_LEVEL = "-O";
				VALIDATE_PRODUCT = YES;
			};
			name = Release;
		};
		7474ED2B2709C7C0004E8B95 /* Debug */ = {
			isa = XCBuildConfiguration;
			buildSettings = {
				ASSETCATALOG_COMPILER_APPICON_NAME = AppIcon;
				ASSETCATALOG_COMPILER_GLOBAL_ACCENT_COLOR_NAME = AccentColor;
				CODE_SIGN_ENTITLEMENTS = Drawer/Drawer.entitlements;
				CODE_SIGN_STYLE = Automatic;
				CURRENT_PROJECT_VERSION = 1;
				DEVELOPMENT_TEAM = W5ZZPB5BG7;
				GENERATE_INFOPLIST_FILE = YES;
				INFOPLIST_FILE = Drawer/Info.plist;
				INFOPLIST_KEY_UIApplicationSupportsIndirectInputEvents = YES;
				INFOPLIST_KEY_UILaunchStoryboardName = LaunchScreen;
				INFOPLIST_KEY_UISupportedInterfaceOrientations_iPad = "UIInterfaceOrientationPortrait UIInterfaceOrientationPortraitUpsideDown UIInterfaceOrientationLandscapeLeft UIInterfaceOrientationLandscapeRight";
				INFOPLIST_KEY_UISupportedInterfaceOrientations_iPhone = "UIInterfaceOrientationPortrait UIInterfaceOrientationLandscapeLeft UIInterfaceOrientationLandscapeRight";
				LD_RUNPATH_SEARCH_PATHS = (
					"$(inherited)",
					"@executable_path/Frameworks",
				);
				MARKETING_VERSION = 1.0;
				PRODUCT_BUNDLE_IDENTIFIER = ru.hse.Drawer;
				PRODUCT_NAME = "$(TARGET_NAME)";
				SUPPORTS_MACCATALYST = YES;
				SWIFT_EMIT_LOC_STRINGS = YES;
				SWIFT_VERSION = 5.0;
				TARGETED_DEVICE_FAMILY = "1,2";
			};
			name = Debug;
		};
		7474ED2C2709C7C0004E8B95 /* Release */ = {
			isa = XCBuildConfiguration;
			buildSettings = {
				ASSETCATALOG_COMPILER_APPICON_NAME = AppIcon;
				ASSETCATALOG_COMPILER_GLOBAL_ACCENT_COLOR_NAME = AccentColor;
				CODE_SIGN_ENTITLEMENTS = Drawer/Drawer.entitlements;
				CODE_SIGN_STYLE = Automatic;
				CURRENT_PROJECT_VERSION = 1;
				DEVELOPMENT_TEAM = W5ZZPB5BG7;
				GENERATE_INFOPLIST_FILE = YES;
				INFOPLIST_FILE = Drawer/Info.plist;
				INFOPLIST_KEY_UIApplicationSupportsIndirectInputEvents = YES;
				INFOPLIST_KEY_UILaunchStoryboardName = LaunchScreen;
				INFOPLIST_KEY_UISupportedInterfaceOrientations_iPad = "UIInterfaceOrientationPortrait UIInterfaceOrientationPortraitUpsideDown UIInterfaceOrientationLandscapeLeft UIInterfaceOrientationLandscapeRight";
				INFOPLIST_KEY_UISupportedInterfaceOrientations_iPhone = "UIInterfaceOrientationPortrait UIInterfaceOrientationLandscapeLeft UIInterfaceOrientationLandscapeRight";
				LD_RUNPATH_SEARCH_PATHS = (
					"$(inherited)",
					"@executable_path/Frameworks",
				);
				MARKETING_VERSION = 1.0;
				PRODUCT_BUNDLE_IDENTIFIER = ru.hse.Drawer;
				PRODUCT_NAME = "$(TARGET_NAME)";
				SUPPORTS_MACCATALYST = YES;
				SWIFT_EMIT_LOC_STRINGS = YES;
				SWIFT_VERSION = 5.0;
				TARGETED_DEVICE_FAMILY = "1,2";
			};
			name = Release;
		};
/* End XCBuildConfiguration section */

/* Begin XCConfigurationList section */
		7474ED112709C7BE004E8B95 /* Build configuration list for PBXProject "Drawer" */ = {
			isa = XCConfigurationList;
			buildConfigurations = (
				7474ED282709C7C0004E8B95 /* Debug */,
				7474ED292709C7C0004E8B95 /* Release */,
			);
			defaultConfigurationIsVisible = 0;
			defaultConfigurationName = Release;
		};
		7474ED2A2709C7C0004E8B95 /* Build configuration list for PBXNativeTarget "Drawer" */ = {
			isa = XCConfigurationList;
			buildConfigurations = (
				7474ED2B2709C7C0004E8B95 /* Debug */,
				7474ED2C2709C7C0004E8B95 /* Release */,
			);
			defaultConfigurationIsVisible = 0;
			defaultConfigurationName = Release;
		};
/* End XCConfigurationList section */
	};
	rootObject = 7474ED0E2709C7BE004E8B95 /* Project object */;
}
